{
  "requires": true,
  "lockfileVersion": 1,
  "dependencies": {
    "canvas-tile-map": {
      "version": "0.0.3",
      "resolved": "https://registry.npmjs.org/canvas-tile-map/-/canvas-tile-map-0.0.3.tgz",
      "integrity": "sha1-iaEP9PuL98KtR6pjmokhWpfpigs=",
      "requires": {
        "lodash": "4.17.10",
        "typescript": "1.8.10"
      }
    },
    "lodash": {
      "version": "4.17.10",
      "resolved": "https://registry.npmjs.org/lodash/-/lodash-4.17.10.tgz",
      "integrity": "sha512-UejweD1pDoXu+AD825lWwp4ZGtSwgnpZxb3JDViD7StjQz+Nb/6l093lx4OQ0foGWNRoc19mWy7BzL+UAK2iVg=="
    },
    "typescript": {
      "version": "1.8.10",
      "resolved": "https://registry.npmjs.org/typescript/-/typescript-1.8.10.tgz",
      "integrity": "sha1-tHXW4N/wv1DyluXKbvn7tccyDx4="
    }
  }
}
